// !$*UTF8*$!
{
	archiveVersion = 1;
	classes = {
	};
	objectVersion = 46;
	objects = {

/* Begin PBXBuildFile section */
		3A5CEF481CF80FFB0016F5BB /* AppDelegate.swift in Sources */ = {isa = PBXBuildFile; fileRef = 3A5CEF471CF80FFB0016F5BB /* AppDelegate.swift */; };
		3A5CEF4A1CF80FFB0016F5BB /* ViewController.swift in Sources */ = {isa = PBXBuildFile; fileRef = 3A5CEF491CF80FFB0016F5BB /* ViewController.swift */; };
		3A5CEF4C1CF80FFB0016F5BB /* Assets.xcassets in Resources */ = {isa = PBXBuildFile; fileRef = 3A5CEF4B1CF80FFB0016F5BB /* Assets.xcassets */; };
		3A5CEF4F1CF80FFB0016F5BB /* Main.storyboard in Resources */ = {isa = PBXBuildFile; fileRef = 3A5CEF4D1CF80FFB0016F5BB /* Main.storyboard */; };
/* End PBXBuildFile section */

/* Begin PBXFileReference section */
		3A5CEF441CF80FFB0016F5BB /* HelloWorldMacApp.app */ = {isa = PBXFileReference; explicitFileType = wrapper.application; includeInIndex = 0; path = HelloWorldMacApp.app; sourceTree = BUILT_PRODUCTS_DIR; };
		3A5CEF471CF80FFB0016F5BB /* AppDelegate.swift */ = {isa = PBXFileReference; lastKnownFileType = sourcecode.swift; path = AppDelegate.swift; sourceTree = "<group>"; };
		3A5CEF491CF80FFB0016F5BB /* ViewController.swift */ = {isa = PBXFileReference; lastKnownFileType = sourcecode.swift; path = ViewController.swift; sourceTree = "<group>"; };
		3A5CEF4B1CF80FFB0016F5BB /* Assets.xcassets */ = {isa = PBXFileReference; lastKnownFileType = folder.assetcatalog; path = Assets.xcassets; sourceTree = "<group>"; };
		3A5CEF4E1CF80FFB0016F5BB /* Base */ = {isa = PBXFileReference; lastKnownFileType = file.storyboard; name = Base; path = Base.lproj/Main.storyboard; sourceTree = "<group>"; };
		3A5CEF501CF80FFB0016F5BB /* Info.plist */ = {isa = PBXFileReference; lastKnownFileType = text.plist.xml; path = Info.plist; sourceTree = "<group>"; };
/* End PBXFileReference section */

/* Begin PBXFrameworksBuildPhase section */
		3A5CEF411CF80FFB0016F5BB /* Frameworks */ = {
			isa = PBXFrameworksBuildPhase;
			buildActionMask = 2147483647;
			files = (
			);
			runOnlyForDeploymentPostprocessing = 0;
		};
/* End PBXFrameworksBuildPhase section */

/* Begin PBXGroup section */
		3A5CEF3B1CF80FFB0016F5BB = {
			isa = PBXGroup;
			children = (
				3A5CEF461CF80FFB0016F5BB /* HelloWorldMacApp */,
				3A5CEF451CF80FFB0016F5BB /* Products */,
			);
			sourceTree = "<group>";
		};
		3A5CEF451CF80FFB0016F5BB /* Products */ = {
			isa = PBXGroup;
			children = (
				3A5CEF441CF80FFB0016F5BB /* HelloWorldMacApp.app */,
			);
			name = Products;
			sourceTree = "<group>";
		};
		3A5CEF461CF80FFB0016F5BB /* HelloWorldMacApp */ = {
			isa = PBXGroup;
			children = (
				3A5CEF471CF80FFB0016F5BB /* AppDelegate.swift */,
				3A5CEF491CF80FFB0016F5BB /* ViewController.swift */,
				3A5CEF4B1CF80FFB0016F5BB /* Assets.xcassets */,
				3A5CEF4D1CF80FFB0016F5BB /* Main.storyboard */,
				3A5CEF501CF80FFB0016F5BB /* Info.plist */,
			);
			path = HelloWorldMacApp;
			sourceTree = "<group>";
		};
/* End PBXGroup section */

/* Begin PBXNativeTarget section */
		3A5CEF431CF80FFB0016F5BB /* HelloWorldMacApp */ = {
			isa = PBXNativeTarget;
			buildConfigurationList = 3A5CEF531CF80FFB0016F5BB /* Build configuration list for PBXNativeTarget "HelloWorldMacApp" */;
			buildPhases = (
				3A5CEF401CF80FFB0016F5BB /* Sources */,
				3A5CEF411CF80FFB0016F5BB /* Frameworks */,
				3A5CEF421CF80FFB0016F5BB /* Resources */,
			);
			buildRules = (
			);
			dependencies = (
			);
			name = HelloWorldMacApp;
			productName = HelloWorldMacApp;
			productReference = 3A5CEF441CF80FFB0016F5BB /* HelloWorldMacApp.app */;
			productType = "com.apple.product-type.application";
		};
/* End PBXNativeTarget section */

/* Begin PBXProject section */
		3A5CEF3C1CF80FFB0016F5BB /* Project object */ = {
			isa = PBXProject;
			attributes = {
				LastSwiftUpdateCheck = 0730;
				LastUpgradeCheck = 0730;
				ORGANIZATIONNAME = WeInnovateIT;
				TargetAttributes = {
					3A5CEF431CF80FFB0016F5BB = {
						CreatedOnToolsVersion = 7.3.1;
					};
				};
			};
			buildConfigurationList = 3A5CEF3F1CF80FFB0016F5BB /* Build configuration list for PBXProject "HelloWorldMacApp" */;
			compatibilityVersion = "Xcode 3.2";
			developmentRegion = English;
			hasScannedForEncodings = 0;
			knownRegions = (
				en,
				Base,
			);
			mainGroup = 3A5CEF3B1CF80FFB0016F5BB;
			productRefGroup = 3A5CEF451CF80FFB0016F5BB /* Products */;
			projectDirPath = "";
			projectRoot = "";
			targets = (
				3A5CEF431CF80FFB0016F5BB /* HelloWorldMacApp */,
			);
		};
/* End PBXProject section */

/* Begin PBXResourcesBuildPhase section */
		3A5CEF421CF80FFB0016F5BB /* Resources */ = {
			isa = PBXResourcesBuildPhase;
			buildActionMask = 2147483647;
			files = (
				3A5CEF4C1CF80FFB0016F5BB /* Assets.xcassets in Resources */,
				3A5CEF4F1CF80FFB0016F5BB /* Main.storyboard in Resources */,
			);
			runOnlyForDeploymentPostprocessing = 0;
		};
/* End PBXResourcesBuildPhase section */

/* Begin PBXSourcesBuildPhase section */
		3A5CEF401CF80FFB0016F5BB /* Sources */ = {
			isa = PBXSourcesBuildPhase;
			buildActionMask = 2147483647;
			files = (
				3A5CEF4A1CF80FFB0016F5BB /* ViewController.swift in Sources */,
				3A5CEF481CF80FFB0016F5BB /* AppDelegate.swift in Sources */,
			);
			runOnlyForDeploymentPostprocessing = 0;
		};
/* End PBXSourcesBuildPhase section */

/* Begin PBXVariantGroup section */
		3A5CEF4D1CF80FFB0016F5BB /* Main.storyboard */ = {
			isa = PBXVariantGroup;
			children = (
				3A5CEF4E1CF80FFB0016F5BB /* Base */,
			);
			name = Main.storyboard;
			sourceTree = "<group>";
		};
/* End PBXVariantGroup section */

/* Begin XCBuildConfiguration section */
		3A5CEF511CF80FFB0016F5BB /* Debug */ = {
			isa = XCBuildConfiguration;
			buildSettings = {
				ALWAYS_SEARCH_USER_PATHS = NO;
				CLANG_ANALYZER_NONNULL = YES;
				CLANG_CXX_LANGUAGE_STANDARD = "gnu++0x";
				CLANG_CXX_LIBRARY = "libc++";
				CLANG_ENABLE_MODULES = YES;
				CLANG_ENABLE_OBJC_ARC = YES;
				CLANG_WARN_BOOL_CONVERSION = YES;
				CLANG_WARN_CONSTANT_CONVERSION = YES;
				CLANG_WARN_DIRECT_OBJC_ISA_USAGE = YES_ERROR;
				CLANG_WARN_EMPTY_BODY = YES;
				CLANG_WARN_ENUM_CONVERSION = YES;
				CLANG_WARN_INT_CONVERSION = YES;
				CLANG_WARN_OBJC_ROOT_CLASS = YES_ERROR;
				CLANG_WARN_UNREACHABLE_CODE = YES;
				CLANG_WARN__DUPLICATE_METHOD_MATCH = YES;
				CODE_SIGN_IDENTITY = "-";
				COPY_PHASE_STRIP = NO;
				DEBUG_INFORMATION_FORMAT = dwarf;
				ENABLE_STRICT_OBJC_MSGSEND = YES;
				ENABLE_TESTABILITY = YES;
				GCC_C_LANGUAGE_STANDARD = gnu99;
				GCC_DYNAMIC_NO_PIC = NO;
				GCC_NO_COMMON_BLOCKS = YES;
				GCC_OPTIMIZATION_LEVEL = 0;
				GCC_PREPROCESSOR_DEFINITIONS = (
					"DEBUG=1",
					"$(inherited)",
				);
				GCC_WARN_64_TO_32_BIT_CONVERSION = YES;
				GCC_WARN_ABOUT_RETURN_TYPE = YES_ERROR;
				GCC_WARN_UNDECLARED_SELECTOR = YES;
				GCC_WARN_UNINITIALIZED_AUTOS = YES_AGGRESSIVE;
				GCC_WARN_UNUSED_FUNCTION = YES;
				GCC_WARN_UNUSED_VARIABLE = YES;
				MACOSX_DEPLOYMENT_TARGET = 10.11;
				MTL_ENABLE_DEBUG_INFO = YES;
				ONLY_ACTIVE_ARCH = YES;
				SDKROOT = macosx;
				SWIFT_OPTIMIZATION_LEVEL = "-Onone";
			};
			name = Debug;
		};
		3A5CEF521CF80FFB0016F5BB /* Release */ = {
			isa = XCBuildConfiguration;
			buildSettings = {
				ALWAYS_SEARCH_USER_PATHS = NO;
				CLANG_ANALYZER_NONNULL = YES;
				CLANG_CXX_LANGUAGE_STANDARD = "gnu++0x";
				CLANG_CXX_LIBRARY = "libc++";
				CLANG_ENABLE_MODULES = YES;
				CLANG_ENABLE_OBJC_ARC = YES;
				CLANG_WARN_BOOL_CONVERSION = YES;
				CLANG_WARN_CONSTANT_CONVERSION = YES;
				CLANG_WARN_DIRECT_OBJC_ISA_USAGE = YES_ERROR;
				CLANG_WARN_EMPTY_BODY = YES;
				CLANG_WARN_ENUM_CONVERSION = YES;
				CLANG_WARN_INT_CONVERSION = YES;
				CLANG_WARN_OBJC_ROOT_CLASS = YES_ERROR;
				CLANG_WARN_UNREACHABLE_CODE = YES;
				CLANG_WARN__DUPLICATE_METHOD_MATCH = YES;
				CODE_SIGN_IDENTITY = "-";
				COPY_PHASE_STRIP = NO;
				DEBUG_INFORMATION_FORMAT = "dwarf-with-dsym";
				ENABLE_NS_ASSERTIONS = NO;
				ENABLE_STRICT_OBJC_MSGSEND = YES;
				GCC_C_LANGUAGE_STANDARD = gnu99;
				GCC_NO_COMMON_BLOCKS = YES;
				GCC_WARN_64_TO_32_BIT_CONVERSION = YES;
				GCC_WARN_ABOUT_RETURN_TYPE = YES_ERROR;
				GCC_WARN_UNDECLARED_SELECTOR = YES;
				GCC_WARN_UNINITIALIZED_AUTOS = YES_AGGRESSIVE;
				GCC_WARN_UNUSED_FUNCTION = YES;
				GCC_WARN_UNUSED_VARIABLE = YES;
				MACOSX_DEPLOYMENT_TARGET = 10.11;
				MTL_ENABLE_DEBUG_INFO = NO;
				SDKROOT = macosx;
			};
			name = Release;
		};
		3A5CEF541CF80FFB0016F5BB /* Debug */ = {
			isa = XCBuildConfiguration;
			buildSettings = {
				ASSETCATALOG_COMPILER_APPICON_NAME = AppIcon;
				COMBINE_HIDPI_IMAGES = YES;
				INFOPLIST_FILE = HelloWorldMacApp/Info.plist;
				LD_RUNPATH_SEARCH_PATHS = "$(inherited) @executable_path/../Frameworks";
				PRODUCT_BUNDLE_IDENTIFIER = com.weinnovateit.HelloWorldMacApp;
				PRODUCT_NAME = "$(TARGET_NAME)";
			};
			name = Debug;
		};
		3A5CEF551CF80FFB0016F5BB /* Release */ = {
			isa = XCBuildConfiguration;
			buildSettings = {
				ASSETCATALOG_COMPILER_APPICON_NAME = AppIcon;
				COMBINE_HIDPI_IMAGES = YES;
				INFOPLIST_FILE = HelloWorldMacApp/Info.plist;
				LD_RUNPATH_SEARCH_PATHS = "$(inherited) @executable_path/../Frameworks";
				PRODUCT_BUNDLE_IDENTIFIER = com.weinnovateit.HelloWorldMacApp;
				PRODUCT_NAME = "$(TARGET_NAME)";
			};
			name = Release;
		};
/* End XCBuildConfiguration section */

/* Begin XCConfigurationList section */
		3A5CEF3F1CF80FFB0016F5BB /* Build configuration list for PBXProject "HelloWorldMacApp" */ = {
			isa = XCConfigurationList;
			buildConfigurations = (
				3A5CEF511CF80FFB0016F5BB /* Debug */,
				3A5CEF521CF80FFB0016F5BB /* Release */,
			);
			defaultConfigurationIsVisible = 0;
			defaultConfigurationName = Release;
		};
		3A5CEF531CF80FFB0016F5BB /* Build configuration list for PBXNativeTarget "HelloWorldMacApp" */ = {
			isa = XCConfigurationList;
			buildConfigurations = (
				3A5CEF541CF80FFB0016F5BB /* Debug */,
				3A5CEF551CF80FFB0016F5BB /* Release */,
			);
			defaultConfigurationIsVisible = 0;
		};
/* End XCConfigurationList section */
	};
	rootObject = 3A5CEF3C1CF80FFB0016F5BB /* Project object */;
}
